
Microsoft Visual Studio Solution File, Format Version 12.00
# Visual Studio Version 16
VisualStudioVersion = 16.0.32802.440
MinimumVisualStudioVersion = 10.0.40219.1
Project("{FAE04EC0-301F-11D3-BF4B-00C04F79EFBC}") = "Square eater", "Square eater\Square eater.csproj", "{02C4A009-4F21-4973-A607-E08A69C21506}"
EndProject
Project("{FAE04EC0-301F-11D3-BF4B-00C04F79EFBC}") = "Click_Square", "Click_Square\Click_Square.csproj", "{6D8AAA37-CBE9-4554-8AFA-3B5E4A6C0D24}"
EndProject
Global
	GlobalSection(SolutionConfigurationPlatforms) = preSolution
		Debug|Any CPU = Debug|Any CPU
		Release|Any CPU = Release|Any CPU
	EndGlobalSection
	GlobalSection(ProjectConfigurationPlatforms) = postSolution
		{02C4A009-4F21-4973-A607-E08A69C21506}.Debug|Any CPU.ActiveCfg = Debug|Any CPU
		{02C4A009-4F21-4973-A607-E08A69C21506}.Debug|Any CPU.Build.0 = Debug|Any CPU
		{02C4A009-4F21-4973-A607-E08A69C21506}.Release|Any CPU.ActiveCfg = Release|Any CPU
		{02C4A009-4F21-4973-A607-E08A69C21506}.Release|Any CPU.Build.0 = Release|Any CPU
		{6D8AAA37-CBE9-4554-8AFA-3B5E4A6C0D24}.Debug|Any CPU.ActiveCfg = Debug|Any CPU
		{6D8AAA37-CBE9-4554-8AFA-3B5E4A6C0D24}.Debug|Any CPU.Build.0 = Debug|Any CPU
		{6D8AAA37-CBE9-4554-8AFA-3B5E4A6C0D24}.Release|Any CPU.ActiveCfg = Release|Any CPU
		{6D8AAA37-CBE9-4554-8AFA-3B5E4A6C0D24}.Release|Any CPU.Build.0 = Release|Any CPU
	EndGlobalSection
	GlobalSection(SolutionProperties) = preSolution
		HideSolutionNode = FALSE
	EndGlobalSection
	GlobalSection(ExtensibilityGlobals) = postSolution
		SolutionGuid = {D7F6AEE7-A28B-4980-9268-90CFC0DF258A}
	EndGlobalSection
EndGlobal
